{
  "version": 4,
  "terraform_version": "1.1.3",
  "serial": 63,
  "lineage": "3d1e7867-08ce-5a3a-a60c-9a5070f93321",
  "outputs": {},
  "resources": [
    {
      "mode": "managed",
      "type": "azurerm_linux_virtual_machine",
      "name": "bastion",
      "provider": "provider[\"registry.terraform.io/hashicorp/azurerm\"]",
      "instances": [
        {
          "schema_version": 0,
          "attributes": {
            "additional_capabilities": [],
            "admin_password": null,
            "admin_ssh_key": [
              {
                "public_key": "ssh-rsa AAAAB3NzaC1yc2EAAAADAQABAAABgQDWM6uM6MNng1kkm6vlHlwrt+WzDuqR0esZIBY9q3x42+aGV2xZPYRwSqeelXuvtEFgrk6BuxqiKIhK71JPJz3nNUKLdcPtRbJwHeBSGZ040WznyP1+LeGl8WmuG1ez9ysAcHOJX1oIXi9Bb0deCAHaUuyp+3yoOVUw0S5YfQT5gfVLMgUJNgMRbk5NCBw1XrV47PUmGBLiTKolnm5AzV3snfCFm+zfzWbaaPgl191IhuW8yEylkmfJSRczO9pgs3TbUotgsf2D91uf99fZVEXGOnOD99beEGzEJVHYeTgkTpZqhy5eCD2xaby/ew+qFPb8XvJVyMl/ZOWpGUqCKqHVBuVnzHyphFH8Mfb9xaPLCTvAQdOdTdsGw4BiD98+PACuSIPKkxmivUfmfY9BxTEGbLKqafKFDqTy78qNhi9UR9+LsCw2Mc+L1RL6K6B1KLx6Wz1lbCFUJq0R/7NdHYTbNKiUnL1AvrC9+7J8D9pofYGSq4ZVl7Xe2P+U4jUhARc= sande@DESKTOP-LO6QCSU\n",
                "username": "azuser"
              }
            ],
            "admin_username": "azuser",
            "allow_extension_operations": true,
            "availability_set_id": "",
            "boot_diagnostics": [],
            "computer_name": "infy-dev-bastion-machine",
            "custom_data": null,
            "dedicated_host_group_id": "",
            "dedicated_host_id": "",
            "disable_password_authentication": true,
            "encryption_at_host_enabled": false,
            "eviction_policy": "",
            "extensions_time_budget": "PT1H30M",
            "id": "/subscriptions/10e2e0d3-0472-4396-8ee8-6526a64165db/resourceGroups/infy-dev-RG/providers/Microsoft.Compute/virtualMachines/infy-dev-bastion-machine",
            "identity": [],
            "license_type": "",
            "location": "eastus",
            "max_bid_price": -1,
            "name": "infy-dev-bastion-machine",
            "network_interface_ids": [
              "/subscriptions/10e2e0d3-0472-4396-8ee8-6526a64165db/resourceGroups/infy-dev-RG/providers/Microsoft.Network/networkInterfaces/infy-dev-bastion-nic"
            ],
            "os_disk": [
              {
                "caching": "ReadWrite",
                "diff_disk_settings": [],
                "disk_encryption_set_id": "",
                "disk_size_gb": 30,
                "name": "infy-dev-bastion-machine_OsDisk_1_f855956be7874d95ab9bb909c7870968",
                "storage_account_type": "Standard_LRS",
                "write_accelerator_enabled": false
              }
            ],
            "patch_mode": "ImageDefault",
            "plan": [],
            "platform_fault_domain": -1,
            "priority": "Regular",
            "private_ip_address": "10.100.1.4",
            "private_ip_addresses": [
              "10.100.1.4"
            ],
            "provision_vm_agent": true,
            "proximity_placement_group_id": "",
            "public_ip_address": "20.172.150.135",
            "public_ip_addresses": [
              "20.172.150.135"
            ],
            "resource_group_name": "infy-dev-RG",
            "secret": [],
            "secure_boot_enabled": false,
            "size": "Standard_B2s",
            "source_image_id": "",
            "source_image_reference": [
              {
                "offer": "UbuntuServer",
                "publisher": "Canonical",
                "sku": "16.04-LTS",
                "version": "latest"
              }
            ],
            "tags": {},
            "timeouts": null,
            "user_data": "",
            "virtual_machine_id": "a42049a8-d16b-493d-ad99-1206101de8f5",
            "virtual_machine_scale_set_id": "",
            "vtpm_enabled": false,
            "zone": ""
          },
          "sensitive_attributes": [],
          "private": "eyJlMmJmYjczMC1lY2FhLTExZTYtOGY4OC0zNDM2M2JjN2M0YzAiOnsiY3JlYXRlIjoyNzAwMDAwMDAwMDAwLCJkZWxldGUiOjI3MDAwMDAwMDAwMDAsInJlYWQiOjMwMDAwMDAwMDAwMCwidXBkYXRlIjoyNzAwMDAwMDAwMDAwfX0=",
          "dependencies": [
            "azurerm_network_interface.bastion",
            "azurerm_resource_group.myrg"
          ]
        }
      ]
    },
    {
      "mode": "managed",
      "type": "azurerm_network_interface",
      "name": "bastion",
      "provider": "provider[\"registry.terraform.io/hashicorp/azurerm\"]",
      "instances": [
        {
          "schema_version": 0,
          "attributes": {
            "applied_dns_servers": [],
            "dns_servers": [],
            "enable_accelerated_networking": false,
            "enable_ip_forwarding": false,
            "id": "/subscriptions/10e2e0d3-0472-4396-8ee8-6526a64165db/resourceGroups/infy-dev-RG/providers/Microsoft.Network/networkInterfaces/infy-dev-bastion-nic",
            "internal_dns_name_label": "",
            "internal_domain_name_suffix": "qr51mhz3nerubi2d2wydfnwfpb.bx.internal.cloudapp.net",
            "ip_configuration": [
              {
                "gateway_load_balancer_frontend_ip_configuration_id": "",
                "name": "internal",
                "primary": true,
                "private_ip_address": "10.100.1.4",
                "private_ip_address_allocation": "Dynamic",
                "private_ip_address_version": "IPv4",
                "public_ip_address_id": "/subscriptions/10e2e0d3-0472-4396-8ee8-6526a64165db/resourceGroups/infy-dev-RG/providers/Microsoft.Network/publicIPAddresses/infy-dev-bastion-pip",
                "subnet_id": "/subscriptions/10e2e0d3-0472-4396-8ee8-6526a64165db/resourceGroups/infy-dev-RG/providers/Microsoft.Network/virtualNetworks/infy-dev-vnet/subnets/infy-dev-subnet"
              }
            ],
            "location": "eastus",
            "mac_address": "00-0D-3A-14-C5-87",
            "name": "infy-dev-bastion-nic",
            "private_ip_address": "10.100.1.4",
            "private_ip_addresses": [
              "10.100.1.4"
            ],
            "resource_group_name": "infy-dev-RG",
            "tags": {},
            "timeouts": null,
            "virtual_machine_id": "/subscriptions/10e2e0d3-0472-4396-8ee8-6526a64165db/resourceGroups/infy-dev-RG/providers/Microsoft.Compute/virtualMachines/infy-dev-bastion-machine"
          },
          "sensitive_attributes": [],
          "private": "eyJlMmJmYjczMC1lY2FhLTExZTYtOGY4OC0zNDM2M2JjN2M0YzAiOnsiY3JlYXRlIjoxODAwMDAwMDAwMDAwLCJkZWxldGUiOjE4MDAwMDAwMDAwMDAsInJlYWQiOjMwMDAwMDAwMDAwMCwidXBkYXRlIjoxODAwMDAwMDAwMDAwfX0=",
          "dependencies": [
            "azurerm_public_ip.bastionip",
            "azurerm_resource_group.myrg",
            "azurerm_subnet.bastion",
            "azurerm_virtual_network.myrg-vnet"
          ]
        }
      ]
    },
    {
      "mode": "managed",
      "type": "azurerm_network_security_group",
      "name": "App",
      "provider": "provider[\"registry.terraform.io/hashicorp/azurerm\"]",
      "instances": [
        {
          "schema_version": 0,
          "attributes": {
            "id": "/subscriptions/10e2e0d3-0472-4396-8ee8-6526a64165db/resourceGroups/infy-dev-RG/providers/Microsoft.Network/networkSecurityGroups/infy-dev-App-nsg",
            "location": "eastus",
            "name": "infy-dev-App-nsg",
            "resource_group_name": "infy-dev-RG",
            "security_rule": [],
            "tags": {
              "environment": "Testing"
            },
            "timeouts": null
          },
          "sensitive_attributes": [],
          "private": "eyJlMmJmYjczMC1lY2FhLTExZTYtOGY4OC0zNDM2M2JjN2M0YzAiOnsiY3JlYXRlIjoxODAwMDAwMDAwMDAwLCJkZWxldGUiOjE4MDAwMDAwMDAwMDAsInJlYWQiOjMwMDAwMDAwMDAwMCwidXBkYXRlIjoxODAwMDAwMDAwMDAwfX0=",
          "dependencies": [
            "azurerm_resource_group.myrg"
          ]
        }
      ]
    },
    {
      "mode": "managed",
      "type": "azurerm_network_security_group",
      "name": "db",
      "provider": "provider[\"registry.terraform.io/hashicorp/azurerm\"]",
      "instances": [
        {
          "schema_version": 0,
          "attributes": {
            "id": "/subscriptions/10e2e0d3-0472-4396-8ee8-6526a64165db/resourceGroups/infy-dev-RG/providers/Microsoft.Network/networkSecurityGroups/infy-dev-db-nsg",
            "location": "eastus",
            "name": "infy-dev-db-nsg",
            "resource_group_name": "infy-dev-RG",
            "security_rule": [],
            "tags": {
              "environment": "Testing"
            },
            "timeouts": null
          },
          "sensitive_attributes": [],
          "private": "eyJlMmJmYjczMC1lY2FhLTExZTYtOGY4OC0zNDM2M2JjN2M0YzAiOnsiY3JlYXRlIjoxODAwMDAwMDAwMDAwLCJkZWxldGUiOjE4MDAwMDAwMDAwMDAsInJlYWQiOjMwMDAwMDAwMDAwMCwidXBkYXRlIjoxODAwMDAwMDAwMDAwfX0=",
          "dependencies": [
            "azurerm_resource_group.myrg"
          ]
        }
      ]
    },
    {
      "mode": "managed",
      "type": "azurerm_network_security_group",
      "name": "web",
      "provider": "provider[\"registry.terraform.io/hashicorp/azurerm\"]",
      "instances": [
        {
          "schema_version": 0,
          "attributes": {
            "id": "/subscriptions/10e2e0d3-0472-4396-8ee8-6526a64165db/resourceGroups/infy-dev-RG/providers/Microsoft.Network/networkSecurityGroups/infy-dev-web-nsg",
            "location": "eastus",
            "name": "infy-dev-web-nsg",
            "resource_group_name": "infy-dev-RG",
            "security_rule": [],
            "tags": {
              "environment": "Testing"
            },
            "timeouts": null
          },
          "sensitive_attributes": [],
          "private": "eyJlMmJmYjczMC1lY2FhLTExZTYtOGY4OC0zNDM2M2JjN2M0YzAiOnsiY3JlYXRlIjoxODAwMDAwMDAwMDAwLCJkZWxldGUiOjE4MDAwMDAwMDAwMDAsInJlYWQiOjMwMDAwMDAwMDAwMCwidXBkYXRlIjoxODAwMDAwMDAwMDAwfX0=",
          "dependencies": [
            "azurerm_resource_group.myrg"
          ]
        }
      ]
    },
    {
      "mode": "managed",
      "type": "azurerm_network_security_rule",
      "name": "bastion-ssh",
      "provider": "provider[\"registry.terraform.io/hashicorp/azurerm\"]",
      "instances": []
    },
    {
      "mode": "managed",
      "type": "azurerm_network_security_rule",
      "name": "web-http",
      "provider": "provider[\"registry.terraform.io/hashicorp/azurerm\"]",
      "instances": []
    },
    {
      "mode": "managed",
      "type": "azurerm_public_ip",
      "name": "bastionip",
      "provider": "provider[\"registry.terraform.io/hashicorp/azurerm\"]",
      "instances": [
        {
          "schema_version": 0,
          "attributes": {
            "allocation_method": "Static",
            "availability_zone": "No-Zone",
            "domain_name_label": null,
            "fqdn": null,
            "id": "/subscriptions/10e2e0d3-0472-4396-8ee8-6526a64165db/resourceGroups/infy-dev-RG/providers/Microsoft.Network/publicIPAddresses/infy-dev-bastion-pip",
            "idle_timeout_in_minutes": 4,
            "ip_address": "20.172.150.135",
            "ip_tags": {},
            "ip_version": "IPv4",
            "location": "eastus",
            "name": "infy-dev-bastion-pip",
            "public_ip_prefix_id": null,
            "resource_group_name": "infy-dev-RG",
            "reverse_fqdn": null,
            "sku": "Basic",
            "sku_tier": "Regional",
            "tags": {
              "environment": "Testing"
            },
            "timeouts": null,
            "zones": []
          },
          "sensitive_attributes": [],
          "private": "eyJlMmJmYjczMC1lY2FhLTExZTYtOGY4OC0zNDM2M2JjN2M0YzAiOnsiY3JlYXRlIjoxODAwMDAwMDAwMDAwLCJkZWxldGUiOjE4MDAwMDAwMDAwMDAsInJlYWQiOjMwMDAwMDAwMDAwMCwidXBkYXRlIjoxODAwMDAwMDAwMDAwfX0=",
          "dependencies": [
            "azurerm_resource_group.myrg"
          ]
        }
      ]
    },
    {
      "mode": "managed",
      "type": "azurerm_resource_group",
      "name": "myrg",
      "provider": "provider[\"registry.terraform.io/hashicorp/azurerm\"]",
      "instances": [
        {
          "schema_version": 0,
          "attributes": {
            "id": "/subscriptions/10e2e0d3-0472-4396-8ee8-6526a64165db/resourceGroups/infy-dev-RG",
            "location": "eastus",
            "name": "infy-dev-RG",
            "tags": {
              "costcenter": "IT",
              "environment": "dev",
              "name": "infy-dev-RG"
            },
            "timeouts": null
          },
          "sensitive_attributes": [],
          "private": "eyJlMmJmYjczMC1lY2FhLTExZTYtOGY4OC0zNDM2M2JjN2M0YzAiOnsiY3JlYXRlIjo1NDAwMDAwMDAwMDAwLCJkZWxldGUiOjU0MDAwMDAwMDAwMDAsInJlYWQiOjMwMDAwMDAwMDAwMCwidXBkYXRlIjo1NDAwMDAwMDAwMDAwfX0="
        }
      ]
    },
    {
      "mode": "managed",
      "type": "azurerm_subnet",
      "name": "App",
      "provider": "provider[\"registry.terraform.io/hashicorp/azurerm\"]",
      "instances": [
        {
          "schema_version": 0,
          "attributes": {
            "address_prefix": "10.100.30.0/24",
            "address_prefixes": [
              "10.100.30.0/24"
            ],
            "delegation": [],
            "enforce_private_link_endpoint_network_policies": false,
            "enforce_private_link_service_network_policies": false,
            "id": "/subscriptions/10e2e0d3-0472-4396-8ee8-6526a64165db/resourceGroups/infy-dev-RG/providers/Microsoft.Network/virtualNetworks/infy-dev-vnet/subnets/infy-dev-App-subnet",
            "name": "infy-dev-App-subnet",
            "resource_group_name": "infy-dev-RG",
            "service_endpoint_policy_ids": [],
            "service_endpoints": [],
            "timeouts": null,
            "virtual_network_name": "infy-dev-vnet"
          },
          "sensitive_attributes": [],
          "private": "eyJlMmJmYjczMC1lY2FhLTExZTYtOGY4OC0zNDM2M2JjN2M0YzAiOnsiY3JlYXRlIjoxODAwMDAwMDAwMDAwLCJkZWxldGUiOjE4MDAwMDAwMDAwMDAsInJlYWQiOjMwMDAwMDAwMDAwMCwidXBkYXRlIjoxODAwMDAwMDAwMDAwfX0=",
          "dependencies": [
            "azurerm_virtual_network.myrg-vnet",
            "azurerm_resource_group.myrg"
          ]
        }
      ]
    },
    {
      "mode": "managed",
      "type": "azurerm_subnet",
      "name": "api",
      "provider": "provider[\"registry.terraform.io/hashicorp/azurerm\"]",
      "instances": [
        {
          "schema_version": 0,
          "attributes": {
            "address_prefix": "10.100.50.0/24",
            "address_prefixes": [
              "10.100.50.0/24"
            ],
            "delegation": [],
            "enforce_private_link_endpoint_network_policies": false,
            "enforce_private_link_service_network_policies": false,
            "id": "/subscriptions/10e2e0d3-0472-4396-8ee8-6526a64165db/resourceGroups/infy-dev-RG/providers/Microsoft.Network/virtualNetworks/infy-dev-vnet/subnets/infy-dev-api-subnet",
            "name": "infy-dev-api-subnet",
            "resource_group_name": "infy-dev-RG",
            "service_endpoint_policy_ids": [],
            "service_endpoints": [],
            "timeouts": null,
            "virtual_network_name": "infy-dev-vnet"
          },
          "sensitive_attributes": [],
          "private": "eyJlMmJmYjczMC1lY2FhLTExZTYtOGY4OC0zNDM2M2JjN2M0YzAiOnsiY3JlYXRlIjoxODAwMDAwMDAwMDAwLCJkZWxldGUiOjE4MDAwMDAwMDAwMDAsInJlYWQiOjMwMDAwMDAwMDAwMCwidXBkYXRlIjoxODAwMDAwMDAwMDAwfX0=",
          "dependencies": [
            "azurerm_resource_group.myrg",
            "azurerm_virtual_network.myrg-vnet"
          ]
        }
      ]
    },
    {
      "mode": "managed",
      "type": "azurerm_subnet",
      "name": "bastion",
      "provider": "provider[\"registry.terraform.io/hashicorp/azurerm\"]",
      "instances": [
        {
          "schema_version": 0,
          "attributes": {
            "address_prefix": "10.100.1.0/24",
            "address_prefixes": [
              "10.100.1.0/24"
            ],
            "delegation": [],
            "enforce_private_link_endpoint_network_policies": false,
            "enforce_private_link_service_network_policies": false,
            "id": "/subscriptions/10e2e0d3-0472-4396-8ee8-6526a64165db/resourceGroups/infy-dev-RG/providers/Microsoft.Network/virtualNetworks/infy-dev-vnet/subnets/infy-dev-subnet",
            "name": "infy-dev-subnet",
            "resource_group_name": "infy-dev-RG",
            "service_endpoint_policy_ids": [],
            "service_endpoints": [],
            "timeouts": null,
            "virtual_network_name": "infy-dev-vnet"
          },
          "sensitive_attributes": [],
          "private": "eyJlMmJmYjczMC1lY2FhLTExZTYtOGY4OC0zNDM2M2JjN2M0YzAiOnsiY3JlYXRlIjoxODAwMDAwMDAwMDAwLCJkZWxldGUiOjE4MDAwMDAwMDAwMDAsInJlYWQiOjMwMDAwMDAwMDAwMCwidXBkYXRlIjoxODAwMDAwMDAwMDAwfX0=",
          "dependencies": [
            "azurerm_resource_group.myrg",
            "azurerm_virtual_network.myrg-vnet"
          ]
        }
      ]
    },
    {
      "mode": "managed",
      "type": "azurerm_subnet",
      "name": "db",
      "provider": "provider[\"registry.terraform.io/hashicorp/azurerm\"]",
      "instances": [
        {
          "schema_version": 0,
          "attributes": {
            "address_prefix": "10.100.40.0/24",
            "address_prefixes": [
              "10.100.40.0/24"
            ],
            "delegation": [],
            "enforce_private_link_endpoint_network_policies": false,
            "enforce_private_link_service_network_policies": false,
            "id": "/subscriptions/10e2e0d3-0472-4396-8ee8-6526a64165db/resourceGroups/infy-dev-RG/providers/Microsoft.Network/virtualNetworks/infy-dev-vnet/subnets/infy-dev-db-subnet",
            "name": "infy-dev-db-subnet",
            "resource_group_name": "infy-dev-RG",
            "service_endpoint_policy_ids": [],
            "service_endpoints": [],
            "timeouts": null,
            "virtual_network_name": "infy-dev-vnet"
          },
          "sensitive_attributes": [],
          "private": "eyJlMmJmYjczMC1lY2FhLTExZTYtOGY4OC0zNDM2M2JjN2M0YzAiOnsiY3JlYXRlIjoxODAwMDAwMDAwMDAwLCJkZWxldGUiOjE4MDAwMDAwMDAwMDAsInJlYWQiOjMwMDAwMDAwMDAwMCwidXBkYXRlIjoxODAwMDAwMDAwMDAwfX0=",
          "dependencies": [
            "azurerm_resource_group.myrg",
            "azurerm_virtual_network.myrg-vnet"
          ]
        }
      ]
    },
    {
      "mode": "managed",
      "type": "azurerm_subnet",
      "name": "web",
      "provider": "provider[\"registry.terraform.io/hashicorp/azurerm\"]",
      "instances": [
        {
          "schema_version": 0,
          "attributes": {
            "address_prefix": "10.100.20.0/24",
            "address_prefixes": [
              "10.100.20.0/24"
            ],
            "delegation": [],
            "enforce_private_link_endpoint_network_policies": false,
            "enforce_private_link_service_network_policies": false,
            "id": "/subscriptions/10e2e0d3-0472-4396-8ee8-6526a64165db/resourceGroups/infy-dev-RG/providers/Microsoft.Network/virtualNetworks/infy-dev-vnet/subnets/infy-dev-web-subnet",
            "name": "infy-dev-web-subnet",
            "resource_group_name": "infy-dev-RG",
            "service_endpoint_policy_ids": [],
            "service_endpoints": [],
            "timeouts": null,
            "virtual_network_name": "infy-dev-vnet"
          },
          "sensitive_attributes": [],
          "private": "eyJlMmJmYjczMC1lY2FhLTExZTYtOGY4OC0zNDM2M2JjN2M0YzAiOnsiY3JlYXRlIjoxODAwMDAwMDAwMDAwLCJkZWxldGUiOjE4MDAwMDAwMDAwMDAsInJlYWQiOjMwMDAwMDAwMDAwMCwidXBkYXRlIjoxODAwMDAwMDAwMDAwfX0=",
          "dependencies": [
            "azurerm_virtual_network.myrg-vnet",
            "azurerm_resource_group.myrg"
          ]
        }
      ]
    },
    {
      "mode": "managed",
      "type": "azurerm_subnet_network_security_group_association",
      "name": "App",
      "provider": "provider[\"registry.terraform.io/hashicorp/azurerm\"]",
      "instances": [
        {
          "schema_version": 0,
          "attributes": {
            "id": "/subscriptions/10e2e0d3-0472-4396-8ee8-6526a64165db/resourceGroups/infy-dev-RG/providers/Microsoft.Network/virtualNetworks/infy-dev-vnet/subnets/infy-dev-App-subnet",
            "network_security_group_id": "/subscriptions/10e2e0d3-0472-4396-8ee8-6526a64165db/resourceGroups/infy-dev-RG/providers/Microsoft.Network/networkSecurityGroups/infy-dev-App-nsg",
            "subnet_id": "/subscriptions/10e2e0d3-0472-4396-8ee8-6526a64165db/resourceGroups/infy-dev-RG/providers/Microsoft.Network/virtualNetworks/infy-dev-vnet/subnets/infy-dev-App-subnet",
            "timeouts": null
          },
          "sensitive_attributes": [],
          "private": "eyJlMmJmYjczMC1lY2FhLTExZTYtOGY4OC0zNDM2M2JjN2M0YzAiOnsiY3JlYXRlIjoxODAwMDAwMDAwMDAwLCJkZWxldGUiOjE4MDAwMDAwMDAwMDAsInJlYWQiOjMwMDAwMDAwMDAwMCwidXBkYXRlIjoxODAwMDAwMDAwMDAwfX0=",
          "dependencies": [
            "azurerm_resource_group.myrg",
            "azurerm_subnet.App",
            "azurerm_virtual_network.myrg-vnet",
            "azurerm_network_security_group.App"
          ]
        }
      ]
    },
    {
      "mode": "managed",
      "type": "azurerm_subnet_network_security_group_association",
      "name": "bastion",
      "provider": "provider[\"registry.terraform.io/hashicorp/azurerm\"]",
      "instances": []
    },
    {
      "mode": "managed",
      "type": "azurerm_subnet_network_security_group_association",
      "name": "db",
      "provider": "provider[\"registry.terraform.io/hashicorp/azurerm\"]",
      "instances": [
        {
          "schema_version": 0,
          "attributes": {
            "id": "/subscriptions/10e2e0d3-0472-4396-8ee8-6526a64165db/resourceGroups/infy-dev-RG/providers/Microsoft.Network/virtualNetworks/infy-dev-vnet/subnets/infy-dev-db-subnet",
            "network_security_group_id": "/subscriptions/10e2e0d3-0472-4396-8ee8-6526a64165db/resourceGroups/infy-dev-RG/providers/Microsoft.Network/networkSecurityGroups/infy-dev-db-nsg",
            "subnet_id": "/subscriptions/10e2e0d3-0472-4396-8ee8-6526a64165db/resourceGroups/infy-dev-RG/providers/Microsoft.Network/virtualNetworks/infy-dev-vnet/subnets/infy-dev-db-subnet",
            "timeouts": null
          },
          "sensitive_attributes": [],
          "private": "eyJlMmJmYjczMC1lY2FhLTExZTYtOGY4OC0zNDM2M2JjN2M0YzAiOnsiY3JlYXRlIjoxODAwMDAwMDAwMDAwLCJkZWxldGUiOjE4MDAwMDAwMDAwMDAsInJlYWQiOjMwMDAwMDAwMDAwMCwidXBkYXRlIjoxODAwMDAwMDAwMDAwfX0=",
          "dependencies": [
            "azurerm_virtual_network.myrg-vnet",
            "azurerm_network_security_group.db",
            "azurerm_resource_group.myrg",
            "azurerm_subnet.db"
          ]
        }
      ]
    },
    {
      "mode": "managed",
      "type": "azurerm_subnet_network_security_group_association",
      "name": "web",
      "provider": "provider[\"registry.terraform.io/hashicorp/azurerm\"]",
      "instances": [
        {
          "schema_version": 0,
          "attributes": {
            "id": "/subscriptions/10e2e0d3-0472-4396-8ee8-6526a64165db/resourceGroups/infy-dev-RG/providers/Microsoft.Network/virtualNetworks/infy-dev-vnet/subnets/infy-dev-web-subnet",
            "network_security_group_id": "/subscriptions/10e2e0d3-0472-4396-8ee8-6526a64165db/resourceGroups/infy-dev-RG/providers/Microsoft.Network/networkSecurityGroups/infy-dev-web-nsg",
            "subnet_id": "/subscriptions/10e2e0d3-0472-4396-8ee8-6526a64165db/resourceGroups/infy-dev-RG/providers/Microsoft.Network/virtualNetworks/infy-dev-vnet/subnets/infy-dev-web-subnet",
            "timeouts": null
          },
          "sensitive_attributes": [],
          "private": "eyJlMmJmYjczMC1lY2FhLTExZTYtOGY4OC0zNDM2M2JjN2M0YzAiOnsiY3JlYXRlIjoxODAwMDAwMDAwMDAwLCJkZWxldGUiOjE4MDAwMDAwMDAwMDAsInJlYWQiOjMwMDAwMDAwMDAwMCwidXBkYXRlIjoxODAwMDAwMDAwMDAwfX0=",
          "dependencies": [
            "azurerm_network_security_group.web",
            "azurerm_public_ip.bastionip",
            "azurerm_resource_group.myrg",
            "azurerm_subnet.bastion",
            "azurerm_subnet.web",
            "azurerm_virtual_network.myrg-vnet",
            "azurerm_linux_virtual_machine.bastion",
            "azurerm_network_interface.bastion"
          ]
        }
      ]
    },
    {
      "mode": "managed",
      "type": "azurerm_virtual_network",
      "name": "myrg-vnet",
      "provider": "provider[\"registry.terraform.io/hashicorp/azurerm\"]",
      "instances": [
        {
          "schema_version": 0,
          "attributes": {
            "address_space": [
              "10.100.0.0/16"
            ],
            "bgp_community": "",
            "ddos_protection_plan": [],
            "dns_servers": [
              "10.100.0.4",
              "10.100.0.5"
            ],
            "flow_timeout_in_minutes": 0,
            "guid": "1fb67f84-693d-4023-a383-e5b032b6c579",
            "id": "/subscriptions/10e2e0d3-0472-4396-8ee8-6526a64165db/resourceGroups/infy-dev-RG/providers/Microsoft.Network/virtualNetworks/infy-dev-vnet",
            "location": "eastus",
            "name": "infy-dev-vnet",
            "resource_group_name": "infy-dev-RG",
            "subnet": [
              {
                "address_prefix": "10.100.1.0/24",
                "id": "/subscriptions/10e2e0d3-0472-4396-8ee8-6526a64165db/resourceGroups/infy-dev-RG/providers/Microsoft.Network/virtualNetworks/infy-dev-vnet/subnets/infy-dev-subnet",
                "name": "infy-dev-subnet",
                "security_group": ""
              },
              {
                "address_prefix": "10.100.20.0/24",
                "id": "/subscriptions/10e2e0d3-0472-4396-8ee8-6526a64165db/resourceGroups/infy-dev-RG/providers/Microsoft.Network/virtualNetworks/infy-dev-vnet/subnets/infy-dev-web-subnet",
                "name": "infy-dev-web-subnet",
                "security_group": "/subscriptions/10e2e0d3-0472-4396-8ee8-6526a64165db/resourceGroups/infy-dev-RG/providers/Microsoft.Network/networkSecurityGroups/infy-dev-web-nsg"
              },
              {
                "address_prefix": "10.100.30.0/24",
                "id": "/subscriptions/10e2e0d3-0472-4396-8ee8-6526a64165db/resourceGroups/infy-dev-RG/providers/Microsoft.Network/virtualNetworks/infy-dev-vnet/subnets/infy-dev-App-subnet",
                "name": "infy-dev-App-subnet",
                "security_group": "/subscriptions/10e2e0d3-0472-4396-8ee8-6526a64165db/resourceGroups/infy-dev-RG/providers/Microsoft.Network/networkSecurityGroups/infy-dev-App-nsg"
              },
              {
                "address_prefix": "10.100.40.0/24",
                "id": "/subscriptions/10e2e0d3-0472-4396-8ee8-6526a64165db/resourceGroups/infy-dev-RG/providers/Microsoft.Network/virtualNetworks/infy-dev-vnet/subnets/infy-dev-db-subnet",
                "name": "infy-dev-db-subnet",
                "security_group": "/subscriptions/10e2e0d3-0472-4396-8ee8-6526a64165db/resourceGroups/infy-dev-RG/providers/Microsoft.Network/networkSecurityGroups/infy-dev-db-nsg"
              },
              {
                "address_prefix": "10.100.50.0/24",
                "id": "/subscriptions/10e2e0d3-0472-4396-8ee8-6526a64165db/resourceGroups/infy-dev-RG/providers/Microsoft.Network/virtualNetworks/infy-dev-vnet/subnets/infy-dev-api-subnet",
                "name": "infy-dev-api-subnet",
                "security_group": ""
              }
            ],
            "tags": {
              "environment": "var.env"
            },
            "timeouts": null,
            "vm_protection_enabled": false
          },
          "sensitive_attributes": [],
          "private": "eyJlMmJmYjczMC1lY2FhLTExZTYtOGY4OC0zNDM2M2JjN2M0YzAiOnsiY3JlYXRlIjoxODAwMDAwMDAwMDAwLCJkZWxldGUiOjE4MDAwMDAwMDAwMDAsInJlYWQiOjMwMDAwMDAwMDAwMCwidXBkYXRlIjoxODAwMDAwMDAwMDAwfX0=",
          "dependencies": [
            "azurerm_resource_group.myrg"
          ]
        }
      ]
    }
  ]
}
